
Microsoft Visual Studio Solution File, Format Version 12.00
# Visual Studio 15
VisualStudioVersion = 15.0.27004.2009
MinimumVisualStudioVersion = 10.0.40219.1
Project("{8BC9CEB8-8B4A-11D0-8D11-00A0C91BC942}") = "在指定位置插入字符", "在指定位置插入字符\在指定位置插入字符.vcxproj", "{CC5D6ED2-2911-4BEE-9B0B-44D7ED9A5E87}"
EndProject
Global
	GlobalSection(SolutionConfigurationPlatforms) = preSolution
		Debug|x64 = Debug|x64
		Debug|x86 = Debug|x86
		Release|x64 = Release|x64
		Release|x86 = Release|x86
	EndGlobalSection
	GlobalSection(ProjectConfigurationPlatforms) = postSolution
		{CC5D6ED2-2911-4BEE-9B0B-44D7ED9A5E87}.Debug|x64.ActiveCfg = Debug|x64
		{CC5D6ED2-2911-4BEE-9B0B-44D7ED9A5E87}.Debug|x64.Build.0 = Debug|x64
		{CC5D6ED2-2911-4BEE-9B0B-44D7ED9A5E87}.Debug|x86.ActiveCfg = Debug|Win32
		{CC5D6ED2-2911-4BEE-9B0B-44D7ED9A5E87}.Debug|x86.Build.0 = Debug|Win32
		{CC5D6ED2-2911-4BEE-9B0B-44D7ED9A5E87}.Release|x64.ActiveCfg = Release|x64
		{CC5D6ED2-2911-4BEE-9B0B-44D7ED9A5E87}.Release|x64.Build.0 = Release|x64
		{CC5D6ED2-2911-4BEE-9B0B-44D7ED9A5E87}.Release|x86.ActiveCfg = Release|Win32
		{CC5D6ED2-2911-4BEE-9B0B-44D7ED9A5E87}.Release|x86.Build.0 = Release|Win32
	EndGlobalSection
	GlobalSection(SolutionProperties) = preSolution
		HideSolutionNode = FALSE
	EndGlobalSection
	GlobalSection(ExtensibilityGlobals) = postSolution
		SolutionGuid = {EB938D55-EAF6-43C3-9F15-037CE0FC15E7}
	EndGlobalSection
EndGlobal
