
Microsoft Visual Studio Solution File, Format Version 12.00
# Visual Studio 15
VisualStudioVersion = 15.0.27428.2005
MinimumVisualStudioVersion = 10.0.40219.1
Project("{8BC9CEB8-8B4A-11D0-8D11-00A0C91BC942}") = "字符串匹配", "字符串匹配\字符串匹配.vcxproj", "{5E00D738-27B0-4352-A16E-0A779DB303A0}"
EndProject
Global
	GlobalSection(SolutionConfigurationPlatforms) = preSolution
		Debug|x64 = Debug|x64
		Debug|x86 = Debug|x86
		Release|x64 = Release|x64
		Release|x86 = Release|x86
	EndGlobalSection
	GlobalSection(ProjectConfigurationPlatforms) = postSolution
		{5E00D738-27B0-4352-A16E-0A779DB303A0}.Debug|x64.ActiveCfg = Debug|x64
		{5E00D738-27B0-4352-A16E-0A779DB303A0}.Debug|x64.Build.0 = Debug|x64
		{5E00D738-27B0-4352-A16E-0A779DB303A0}.Debug|x86.ActiveCfg = Debug|Win32
		{5E00D738-27B0-4352-A16E-0A779DB303A0}.Debug|x86.Build.0 = Debug|Win32
		{5E00D738-27B0-4352-A16E-0A779DB303A0}.Release|x64.ActiveCfg = Release|x64
		{5E00D738-27B0-4352-A16E-0A779DB303A0}.Release|x64.Build.0 = Release|x64
		{5E00D738-27B0-4352-A16E-0A779DB303A0}.Release|x86.ActiveCfg = Release|Win32
		{5E00D738-27B0-4352-A16E-0A779DB303A0}.Release|x86.Build.0 = Release|Win32
	EndGlobalSection
	GlobalSection(SolutionProperties) = preSolution
		HideSolutionNode = FALSE
	EndGlobalSection
	GlobalSection(ExtensibilityGlobals) = postSolution
		SolutionGuid = {187AB7F1-F376-4234-9B97-8CFD2562D51A}
	EndGlobalSection
EndGlobal
