
Microsoft Visual Studio Solution File, Format Version 12.00
# Visual Studio 15
VisualStudioVersion = 15.0.27428.2005
MinimumVisualStudioVersion = 10.0.40219.1
Project("{8BC9CEB8-8B4A-11D0-8D11-00A0C91BC942}") = "象棋", "象棋\象棋.vcxproj", "{175F7131-3A49-4E0D-BB43-00185E3866BD}"
EndProject
Global
	GlobalSection(SolutionConfigurationPlatforms) = preSolution
		Debug|x64 = Debug|x64
		Debug|x86 = Debug|x86
		Release|x64 = Release|x64
		Release|x86 = Release|x86
	EndGlobalSection
	GlobalSection(ProjectConfigurationPlatforms) = postSolution
		{175F7131-3A49-4E0D-BB43-00185E3866BD}.Debug|x64.ActiveCfg = Debug|x64
		{175F7131-3A49-4E0D-BB43-00185E3866BD}.Debug|x64.Build.0 = Debug|x64
		{175F7131-3A49-4E0D-BB43-00185E3866BD}.Debug|x86.ActiveCfg = Debug|Win32
		{175F7131-3A49-4E0D-BB43-00185E3866BD}.Debug|x86.Build.0 = Debug|Win32
		{175F7131-3A49-4E0D-BB43-00185E3866BD}.Release|x64.ActiveCfg = Release|x64
		{175F7131-3A49-4E0D-BB43-00185E3866BD}.Release|x64.Build.0 = Release|x64
		{175F7131-3A49-4E0D-BB43-00185E3866BD}.Release|x86.ActiveCfg = Release|Win32
		{175F7131-3A49-4E0D-BB43-00185E3866BD}.Release|x86.Build.0 = Release|Win32
	EndGlobalSection
	GlobalSection(SolutionProperties) = preSolution
		HideSolutionNode = FALSE
	EndGlobalSection
	GlobalSection(ExtensibilityGlobals) = postSolution
		SolutionGuid = {36F7F9E6-C326-418C-847A-DD836272AE3B}
	EndGlobalSection
EndGlobal
