
Microsoft Visual Studio Solution File, Format Version 12.00
# Visual Studio 15
VisualStudioVersion = 15.0.27428.2005
MinimumVisualStudioVersion = 10.0.40219.1
Project("{8BC9CEB8-8B4A-11D0-8D11-00A0C91BC942}") = "栈", "栈\栈.vcxproj", "{757FD8B1-4888-41AE-919E-FFECB6D53678}"
EndProject
Global
	GlobalSection(SolutionConfigurationPlatforms) = preSolution
		Debug|x64 = Debug|x64
		Debug|x86 = Debug|x86
		Release|x64 = Release|x64
		Release|x86 = Release|x86
	EndGlobalSection
	GlobalSection(ProjectConfigurationPlatforms) = postSolution
		{757FD8B1-4888-41AE-919E-FFECB6D53678}.Debug|x64.ActiveCfg = Debug|x64
		{757FD8B1-4888-41AE-919E-FFECB6D53678}.Debug|x64.Build.0 = Debug|x64
		{757FD8B1-4888-41AE-919E-FFECB6D53678}.Debug|x86.ActiveCfg = Debug|Win32
		{757FD8B1-4888-41AE-919E-FFECB6D53678}.Debug|x86.Build.0 = Debug|Win32
		{757FD8B1-4888-41AE-919E-FFECB6D53678}.Release|x64.ActiveCfg = Release|x64
		{757FD8B1-4888-41AE-919E-FFECB6D53678}.Release|x64.Build.0 = Release|x64
		{757FD8B1-4888-41AE-919E-FFECB6D53678}.Release|x86.ActiveCfg = Release|Win32
		{757FD8B1-4888-41AE-919E-FFECB6D53678}.Release|x86.Build.0 = Release|Win32
	EndGlobalSection
	GlobalSection(SolutionProperties) = preSolution
		HideSolutionNode = FALSE
	EndGlobalSection
	GlobalSection(ExtensibilityGlobals) = postSolution
		SolutionGuid = {43F3AC20-FC98-4277-B314-6783228029A0}
	EndGlobalSection
EndGlobal
