
Microsoft Visual Studio Solution File, Format Version 12.00
# Visual Studio 15
VisualStudioVersion = 15.0.27428.2005
MinimumVisualStudioVersion = 10.0.40219.1
Project("{8BC9CEB8-8B4A-11D0-8D11-00A0C91BC942}") = "背包问题1", "背包问题1\背包问题1.vcxproj", "{DD70F22E-39BE-44D2-AFB8-3BEA8B016B25}"
EndProject
Global
	GlobalSection(SolutionConfigurationPlatforms) = preSolution
		Debug|x64 = Debug|x64
		Debug|x86 = Debug|x86
		Release|x64 = Release|x64
		Release|x86 = Release|x86
	EndGlobalSection
	GlobalSection(ProjectConfigurationPlatforms) = postSolution
		{DD70F22E-39BE-44D2-AFB8-3BEA8B016B25}.Debug|x64.ActiveCfg = Debug|x64
		{DD70F22E-39BE-44D2-AFB8-3BEA8B016B25}.Debug|x64.Build.0 = Debug|x64
		{DD70F22E-39BE-44D2-AFB8-3BEA8B016B25}.Debug|x86.ActiveCfg = Debug|Win32
		{DD70F22E-39BE-44D2-AFB8-3BEA8B016B25}.Debug|x86.Build.0 = Debug|Win32
		{DD70F22E-39BE-44D2-AFB8-3BEA8B016B25}.Release|x64.ActiveCfg = Release|x64
		{DD70F22E-39BE-44D2-AFB8-3BEA8B016B25}.Release|x64.Build.0 = Release|x64
		{DD70F22E-39BE-44D2-AFB8-3BEA8B016B25}.Release|x86.ActiveCfg = Release|Win32
		{DD70F22E-39BE-44D2-AFB8-3BEA8B016B25}.Release|x86.Build.0 = Release|Win32
	EndGlobalSection
	GlobalSection(SolutionProperties) = preSolution
		HideSolutionNode = FALSE
	EndGlobalSection
	GlobalSection(ExtensibilityGlobals) = postSolution
		SolutionGuid = {926671C9-2561-46C5-88BF-687444134188}
	EndGlobalSection
EndGlobal
