
Microsoft Visual Studio Solution File, Format Version 12.00
# Visual Studio 15
VisualStudioVersion = 15.0.27004.2009
MinimumVisualStudioVersion = 10.0.40219.1
Project("{8BC9CEB8-8B4A-11D0-8D11-00A0C91BC942}") = "固定格式输出当地时间", "固定格式输出当地时间\固定格式输出当地时间.vcxproj", "{1D25BEFF-77E8-44DA-AF19-4554B3A36DE6}"
EndProject
Global
	GlobalSection(SolutionConfigurationPlatforms) = preSolution
		Debug|x64 = Debug|x64
		Debug|x86 = Debug|x86
		Release|x64 = Release|x64
		Release|x86 = Release|x86
	EndGlobalSection
	GlobalSection(ProjectConfigurationPlatforms) = postSolution
		{1D25BEFF-77E8-44DA-AF19-4554B3A36DE6}.Debug|x64.ActiveCfg = Debug|x64
		{1D25BEFF-77E8-44DA-AF19-4554B3A36DE6}.Debug|x64.Build.0 = Debug|x64
		{1D25BEFF-77E8-44DA-AF19-4554B3A36DE6}.Debug|x86.ActiveCfg = Debug|Win32
		{1D25BEFF-77E8-44DA-AF19-4554B3A36DE6}.Debug|x86.Build.0 = Debug|Win32
		{1D25BEFF-77E8-44DA-AF19-4554B3A36DE6}.Release|x64.ActiveCfg = Release|x64
		{1D25BEFF-77E8-44DA-AF19-4554B3A36DE6}.Release|x64.Build.0 = Release|x64
		{1D25BEFF-77E8-44DA-AF19-4554B3A36DE6}.Release|x86.ActiveCfg = Release|Win32
		{1D25BEFF-77E8-44DA-AF19-4554B3A36DE6}.Release|x86.Build.0 = Release|Win32
	EndGlobalSection
	GlobalSection(SolutionProperties) = preSolution
		HideSolutionNode = FALSE
	EndGlobalSection
	GlobalSection(ExtensibilityGlobals) = postSolution
		SolutionGuid = {F239EB23-D1A0-4380-8091-4E4799DDE3A6}
	EndGlobalSection
EndGlobal
