
Microsoft Visual Studio Solution File, Format Version 12.00
# Visual Studio 15
VisualStudioVersion = 15.0.27004.2009
MinimumVisualStudioVersion = 10.0.40219.1
Project("{8BC9CEB8-8B4A-11D0-8D11-00A0C91BC942}") = "列出最简真分式序列", "列出最简真分式序列\列出最简真分式序列.vcxproj", "{6A8C0F44-BA97-43E6-AF0A-965F82219DA7}"
EndProject
Global
	GlobalSection(SolutionConfigurationPlatforms) = preSolution
		Debug|x64 = Debug|x64
		Debug|x86 = Debug|x86
		Release|x64 = Release|x64
		Release|x86 = Release|x86
	EndGlobalSection
	GlobalSection(ProjectConfigurationPlatforms) = postSolution
		{6A8C0F44-BA97-43E6-AF0A-965F82219DA7}.Debug|x64.ActiveCfg = Debug|x64
		{6A8C0F44-BA97-43E6-AF0A-965F82219DA7}.Debug|x64.Build.0 = Debug|x64
		{6A8C0F44-BA97-43E6-AF0A-965F82219DA7}.Debug|x86.ActiveCfg = Debug|Win32
		{6A8C0F44-BA97-43E6-AF0A-965F82219DA7}.Debug|x86.Build.0 = Debug|Win32
		{6A8C0F44-BA97-43E6-AF0A-965F82219DA7}.Release|x64.ActiveCfg = Release|x64
		{6A8C0F44-BA97-43E6-AF0A-965F82219DA7}.Release|x64.Build.0 = Release|x64
		{6A8C0F44-BA97-43E6-AF0A-965F82219DA7}.Release|x86.ActiveCfg = Release|Win32
		{6A8C0F44-BA97-43E6-AF0A-965F82219DA7}.Release|x86.Build.0 = Release|Win32
	EndGlobalSection
	GlobalSection(SolutionProperties) = preSolution
		HideSolutionNode = FALSE
	EndGlobalSection
	GlobalSection(ExtensibilityGlobals) = postSolution
		SolutionGuid = {CD1CC4BA-2405-4E8A-9BFA-72887C20010D}
	EndGlobalSection
EndGlobal
