
Microsoft Visual Studio Solution File, Format Version 12.00
# Visual Studio 15
VisualStudioVersion = 15.0.27428.2005
MinimumVisualStudioVersion = 10.0.40219.1
Project("{8BC9CEB8-8B4A-11D0-8D11-00A0C91BC942}") = "问题 V-最小时间", "问题 V-最小时间\问题 V-最小时间.vcxproj", "{F38DE7C5-90AA-43C1-BDFA-B91C60E4FE32}"
EndProject
Global
	GlobalSection(SolutionConfigurationPlatforms) = preSolution
		Debug|x64 = Debug|x64
		Debug|x86 = Debug|x86
		Release|x64 = Release|x64
		Release|x86 = Release|x86
	EndGlobalSection
	GlobalSection(ProjectConfigurationPlatforms) = postSolution
		{F38DE7C5-90AA-43C1-BDFA-B91C60E4FE32}.Debug|x64.ActiveCfg = Debug|x64
		{F38DE7C5-90AA-43C1-BDFA-B91C60E4FE32}.Debug|x64.Build.0 = Debug|x64
		{F38DE7C5-90AA-43C1-BDFA-B91C60E4FE32}.Debug|x86.ActiveCfg = Debug|Win32
		{F38DE7C5-90AA-43C1-BDFA-B91C60E4FE32}.Debug|x86.Build.0 = Debug|Win32
		{F38DE7C5-90AA-43C1-BDFA-B91C60E4FE32}.Release|x64.ActiveCfg = Release|x64
		{F38DE7C5-90AA-43C1-BDFA-B91C60E4FE32}.Release|x64.Build.0 = Release|x64
		{F38DE7C5-90AA-43C1-BDFA-B91C60E4FE32}.Release|x86.ActiveCfg = Release|Win32
		{F38DE7C5-90AA-43C1-BDFA-B91C60E4FE32}.Release|x86.Build.0 = Release|Win32
	EndGlobalSection
	GlobalSection(SolutionProperties) = preSolution
		HideSolutionNode = FALSE
	EndGlobalSection
	GlobalSection(ExtensibilityGlobals) = postSolution
		SolutionGuid = {7C0F2EC7-8E03-4B11-A50A-1D0FB418E6BA}
	EndGlobalSection
EndGlobal
