
Microsoft Visual Studio Solution File, Format Version 12.00
# Visual Studio 15
VisualStudioVersion = 15.0.27004.2009
MinimumVisualStudioVersion = 10.0.40219.1
Project("{8BC9CEB8-8B4A-11D0-8D11-00A0C91BC942}") = "正方形和三角形", "正方形和三角形\正方形和三角形.vcxproj", "{306E8024-21C2-42B2-AF8D-F27F8D48BC38}"
EndProject
Global
	GlobalSection(SolutionConfigurationPlatforms) = preSolution
		Debug|x64 = Debug|x64
		Debug|x86 = Debug|x86
		Release|x64 = Release|x64
		Release|x86 = Release|x86
	EndGlobalSection
	GlobalSection(ProjectConfigurationPlatforms) = postSolution
		{306E8024-21C2-42B2-AF8D-F27F8D48BC38}.Debug|x64.ActiveCfg = Debug|x64
		{306E8024-21C2-42B2-AF8D-F27F8D48BC38}.Debug|x64.Build.0 = Debug|x64
		{306E8024-21C2-42B2-AF8D-F27F8D48BC38}.Debug|x86.ActiveCfg = Debug|Win32
		{306E8024-21C2-42B2-AF8D-F27F8D48BC38}.Debug|x86.Build.0 = Debug|Win32
		{306E8024-21C2-42B2-AF8D-F27F8D48BC38}.Release|x64.ActiveCfg = Release|x64
		{306E8024-21C2-42B2-AF8D-F27F8D48BC38}.Release|x64.Build.0 = Release|x64
		{306E8024-21C2-42B2-AF8D-F27F8D48BC38}.Release|x86.ActiveCfg = Release|Win32
		{306E8024-21C2-42B2-AF8D-F27F8D48BC38}.Release|x86.Build.0 = Release|Win32
	EndGlobalSection
	GlobalSection(SolutionProperties) = preSolution
		HideSolutionNode = FALSE
	EndGlobalSection
	GlobalSection(ExtensibilityGlobals) = postSolution
		SolutionGuid = {8B6B450F-2755-4701-A22F-12E8C3FEFFC0}
	EndGlobalSection
EndGlobal
