
Microsoft Visual Studio Solution File, Format Version 12.00
# Visual Studio 15
VisualStudioVersion = 15.0.27428.2005
MinimumVisualStudioVersion = 10.0.40219.1
Project("{8BC9CEB8-8B4A-11D0-8D11-00A0C91BC942}") = "数字盒子", "数字盒子\数字盒子.vcxproj", "{60932ED2-3DF8-41FB-B78B-8B7934874805}"
EndProject
Global
	GlobalSection(SolutionConfigurationPlatforms) = preSolution
		Debug|x64 = Debug|x64
		Debug|x86 = Debug|x86
		Release|x64 = Release|x64
		Release|x86 = Release|x86
	EndGlobalSection
	GlobalSection(ProjectConfigurationPlatforms) = postSolution
		{60932ED2-3DF8-41FB-B78B-8B7934874805}.Debug|x64.ActiveCfg = Debug|x64
		{60932ED2-3DF8-41FB-B78B-8B7934874805}.Debug|x64.Build.0 = Debug|x64
		{60932ED2-3DF8-41FB-B78B-8B7934874805}.Debug|x86.ActiveCfg = Debug|Win32
		{60932ED2-3DF8-41FB-B78B-8B7934874805}.Debug|x86.Build.0 = Debug|Win32
		{60932ED2-3DF8-41FB-B78B-8B7934874805}.Release|x64.ActiveCfg = Release|x64
		{60932ED2-3DF8-41FB-B78B-8B7934874805}.Release|x64.Build.0 = Release|x64
		{60932ED2-3DF8-41FB-B78B-8B7934874805}.Release|x86.ActiveCfg = Release|Win32
		{60932ED2-3DF8-41FB-B78B-8B7934874805}.Release|x86.Build.0 = Release|Win32
	EndGlobalSection
	GlobalSection(SolutionProperties) = preSolution
		HideSolutionNode = FALSE
	EndGlobalSection
	GlobalSection(ExtensibilityGlobals) = postSolution
		SolutionGuid = {A142588C-0147-40F4-924B-B24AAC37B387}
	EndGlobalSection
EndGlobal
